
Microsoft Visual Studio Solution File, Format Version 12.00
# Visual Studio Version 17
VisualStudioVersion = 17.8.34511.84
MinimumVisualStudioVersion = 10.0.40219.1
Project("{FAE04EC0-301F-11D3-BF4B-00C04F79EFBC}") = "LibraryWinForm", "LibraryWinForm\LibraryWinForm.csproj", "{2746C8DB-436E-4C34-9063-633A68C089AD}"
EndProject
Project("{FAE04EC0-301F-11D3-BF4B-00C04F79EFBC}") = "Library.Helpers", "Library.Helpers\Library.Helpers.csproj", "{00842F1B-5C10-45B2-AC9B-49643877D6B7}"
EndProject
Global
	GlobalSection(SolutionConfigurationPlatforms) = preSolution
		Debug|Any CPU = Debug|Any CPU
		Release|Any CPU = Release|Any CPU
	EndGlobalSection
	GlobalSection(ProjectConfigurationPlatforms) = postSolution
		{2746C8DB-436E-4C34-9063-633A68C089AD}.Debug|Any CPU.ActiveCfg = Debug|Any CPU
		{2746C8DB-436E-4C34-9063-633A68C089AD}.Debug|Any CPU.Build.0 = Debug|Any CPU
		{2746C8DB-436E-4C34-9063-633A68C089AD}.Release|Any CPU.ActiveCfg = Release|Any CPU
		{2746C8DB-436E-4C34-9063-633A68C089AD}.Release|Any CPU.Build.0 = Release|Any CPU
		{00842F1B-5C10-45B2-AC9B-49643877D6B7}.Debug|Any CPU.ActiveCfg = Debug|Any CPU
		{00842F1B-5C10-45B2-AC9B-49643877D6B7}.Debug|Any CPU.Build.0 = Debug|Any CPU
		{00842F1B-5C10-45B2-AC9B-49643877D6B7}.Release|Any CPU.ActiveCfg = Release|Any CPU
		{00842F1B-5C10-45B2-AC9B-49643877D6B7}.Release|Any CPU.Build.0 = Release|Any CPU
	EndGlobalSection
	GlobalSection(SolutionProperties) = preSolution
		HideSolutionNode = FALSE
	EndGlobalSection
	GlobalSection(ExtensibilityGlobals) = postSolution
		SolutionGuid = {FD09361B-8E06-478B-B6E1-1F40D2FFBA79}
	EndGlobalSection
EndGlobal
